
Microsoft Visual Studio Solution File, Format Version 12.00
# Visual Studio Version 17
VisualStudioVersion = 17.9.34728.123
MinimumVisualStudioVersion = 10.0.40219.1
Project("{9A19103F-16F7-4668-BE54-9A1E7A4F7556}") = "PaymentApiDotnet", "paymentapidotnet\PaymentApiDotnet.csproj", "{6201A64E-77B1-4D67-8169-67DAEED826FC}"
EndProject
Project("{9A19103F-16F7-4668-BE54-9A1E7A4F7556}") = "PaymentApiDotnet.Entities", "PaymentApiDotnet.Entities\PaymentApiDotnet.Entities.csproj", "{C8DA62D5-4A80-43A6-ABEF-33F3DF2C2BCE}"
EndProject
Project("{9A19103F-16F7-4668-BE54-9A1E7A4F7556}") = "PaymentApiDotnet.Repositories", "PaymentApiDotnet.Repositories\PaymentApiDotnet.Repositories.csproj", "{4EC552BE-CD43-4CA2-AC12-060479341765}"
EndProject
Global
	GlobalSection(SolutionConfigurationPlatforms) = preSolution
		Debug|Any CPU = Debug|Any CPU
		Release|Any CPU = Release|Any CPU
	EndGlobalSection
	GlobalSection(ProjectConfigurationPlatforms) = postSolution
		{6201A64E-77B1-4D67-8169-67DAEED826FC}.Debug|Any CPU.ActiveCfg = Debug|Any CPU
		{6201A64E-77B1-4D67-8169-67DAEED826FC}.Debug|Any CPU.Build.0 = Debug|Any CPU
		{6201A64E-77B1-4D67-8169-67DAEED826FC}.Release|Any CPU.ActiveCfg = Release|Any CPU
		{6201A64E-77B1-4D67-8169-67DAEED826FC}.Release|Any CPU.Build.0 = Release|Any CPU
		{C8DA62D5-4A80-43A6-ABEF-33F3DF2C2BCE}.Debug|Any CPU.ActiveCfg = Debug|Any CPU
		{C8DA62D5-4A80-43A6-ABEF-33F3DF2C2BCE}.Debug|Any CPU.Build.0 = Debug|Any CPU
		{C8DA62D5-4A80-43A6-ABEF-33F3DF2C2BCE}.Release|Any CPU.ActiveCfg = Release|Any CPU
		{C8DA62D5-4A80-43A6-ABEF-33F3DF2C2BCE}.Release|Any CPU.Build.0 = Release|Any CPU
		{4EC552BE-CD43-4CA2-AC12-060479341765}.Debug|Any CPU.ActiveCfg = Debug|Any CPU
		{4EC552BE-CD43-4CA2-AC12-060479341765}.Debug|Any CPU.Build.0 = Debug|Any CPU
		{4EC552BE-CD43-4CA2-AC12-060479341765}.Release|Any CPU.ActiveCfg = Release|Any CPU
		{4EC552BE-CD43-4CA2-AC12-060479341765}.Release|Any CPU.Build.0 = Release|Any CPU
	EndGlobalSection
	GlobalSection(SolutionProperties) = preSolution
		HideSolutionNode = FALSE
	EndGlobalSection
	GlobalSection(ExtensibilityGlobals) = postSolution
		SolutionGuid = {811CFAB8-CC9F-4855-B42A-569C1A0D5FB9}
	EndGlobalSection
EndGlobal
